<?xml version="1.0" encoding="utf-8"?>
<Project ToolsVersion="4.0" xmlns="http://schemas.microsoft.com/developer/msbuild/2003">
  <ItemGroup>
    <Filter Include="Source Files">
      <UniqueIdentifier>{4FC737F1-C7A5-4376-A066-2A32D752A2FF}</UniqueIdentifier>
      <Extensions>cpp;c;cc;cxx;def;odl;idl;hpj;bat;asm;asmx</Extensions>
    </Filter>
    <Filter Include="Header Files">
      <UniqueIdentifier>{93995380-89BD-4b04-88EB-625FBE52EBFB}</UniqueIdentifier>
      <Extensions>h;hh;hpp;hxx;hm;inl;inc;ipp;xsd</Extensions>
    </Filter>
    <Filter Include="Source Files\GameFilters">
      <UniqueIdentifier>{07c43584-9cd5-4f2e-83b8-1531e1d9aa62}</UniqueIdentifier>
    </Filter>
    <Filter Include="Header Files\GameFilters">
      <UniqueIdentifier>{fb10cf33-7b15-4d4c-b943-74b213dddee6}</UniqueIdentifier>
    </Filter>
  </ItemGroup>
  <ItemGroup>
    <ClCompile Include="Extension.cpp">
      <Filter>Source Files</Filter>
    </ClCompile>
    <ClCompile Include="ExtensionImpl.cpp">
      <Filter>Source Files</Filter>
    </ClCompile>
    <ClCompile Include="GameFilterRewritePlus.cpp">
      <Filter>Source Files\GameFilters</Filter>
    </ClCompile>
    <ClCompile Include="Process.cpp">
      <Filter>Source Files</Filter>
    </ClCompile>
  </ItemGroup>
  <ItemGroup>
    <ClInclude Include="Extension.h">
      <Filter>Header Files</Filter>
    </ClInclude>
    <ClInclude Include="GameFilter.h">
      <Filter>Header Files\GameFilters</Filter>
    </ClInclude>
    <ClInclude Include="Textractor.h">
      <Filter>Header Files</Filter>
    </ClInclude>
    <ClInclude Include="GameFilterRewritePlus.h">
      <Filter>Header Files\GameFilters</Filter>
    </ClInclude>
    <ClInclude Include="Process.h">
      <Filter>Header Files</Filter>
    </ClInclude>
  </ItemGroup>
</Project>